
Microsoft Visual Studio Solution File, Format Version 12.00
# Visual Studio Version 17
VisualStudioVersion = 17.9.34902.65
MinimumVisualStudioVersion = 10.0.40219.1
Project("{9A19103F-16F7-4668-BE54-9A1E7A4F7556}") = "Wbskt.Server", "Server\Wbskt.Server.csproj", "{835F185C-B082-4D05-B2CA-E7CD44D6148A}"
EndProject
Project("{FAE04EC0-301F-11D3-BF4B-00C04F79EFBC}") = "Wbskt.Common", "..\Server\Wbskt.Common\Wbskt.Common.csproj", "{6E97DEA1-FF1C-4CEB-A1EF-C3217B2B5B18}"
EndProject
Global
	GlobalSection(SolutionConfigurationPlatforms) = preSolution
		Debug|Any CPU = Debug|Any CPU
		Release|Any CPU = Release|Any CPU
	EndGlobalSection
	GlobalSection(ProjectConfigurationPlatforms) = postSolution
		{835F185C-B082-4D05-B2CA-E7CD44D6148A}.Debug|Any CPU.ActiveCfg = Debug|Any CPU
		{835F185C-B082-4D05-B2CA-E7CD44D6148A}.Debug|Any CPU.Build.0 = Debug|Any CPU
		{835F185C-B082-4D05-B2CA-E7CD44D6148A}.Release|Any CPU.ActiveCfg = Release|Any CPU
		{835F185C-B082-4D05-B2CA-E7CD44D6148A}.Release|Any CPU.Build.0 = Release|Any CPU
		{6E97DEA1-FF1C-4CEB-A1EF-C3217B2B5B18}.Debug|Any CPU.ActiveCfg = Debug|Any CPU
		{6E97DEA1-FF1C-4CEB-A1EF-C3217B2B5B18}.Debug|Any CPU.Build.0 = Debug|Any CPU
		{6E97DEA1-FF1C-4CEB-A1EF-C3217B2B5B18}.Release|Any CPU.ActiveCfg = Release|Any CPU
	EndGlobalSection
	GlobalSection(SolutionProperties) = preSolution
		HideSolutionNode = FALSE
	EndGlobalSection
	GlobalSection(ExtensibilityGlobals) = postSolution
		SolutionGuid = {913DC8A7-804A-4E60-99E5-C4F703128F9E}
	EndGlobalSection
EndGlobal
